
Microsoft Visual Studio Solution File, Format Version 12.00
# Visual Studio Version 17
VisualStudioVersion = 17.10.35122.118
MinimumVisualStudioVersion = 10.0.40219.1
Project("{FAE04EC0-301F-11D3-BF4B-00C04F79EFBC}") = "AutoSharp", "AutoSharp.csproj", "{409B8A7C-EE4F-4FAF-AF6D-8CA22F3C78FD}"
EndProject
Global
	GlobalSection(SolutionConfigurationPlatforms) = preSolution
		Debug|Any CPU = Debug|Any CPU
		Release|Any CPU = Release|Any CPU
	EndGlobalSection
	GlobalSection(ProjectConfigurationPlatforms) = postSolution
		{409B8A7C-EE4F-4FAF-AF6D-8CA22F3C78FD}.Debug|Any CPU.ActiveCfg = Debug|Any CPU
		{409B8A7C-EE4F-4FAF-AF6D-8CA22F3C78FD}.Debug|Any CPU.Build.0 = Debug|Any CPU
		{409B8A7C-EE4F-4FAF-AF6D-8CA22F3C78FD}.Release|Any CPU.ActiveCfg = Release|Any CPU
		{409B8A7C-EE4F-4FAF-AF6D-8CA22F3C78FD}.Release|Any CPU.Build.0 = Release|Any CPU
	EndGlobalSection
	GlobalSection(SolutionProperties) = preSolution
		HideSolutionNode = FALSE
	EndGlobalSection
	GlobalSection(ExtensibilityGlobals) = postSolution
		SolutionGuid = {DF514662-68AA-453F-9A15-1F8B99881C4B}
	EndGlobalSection
EndGlobal
